
Microsoft Visual Studio Solution File, Format Version 12.00
# Visual Studio Version 16
VisualStudioVersion = 25.0.1704.3
MinimumVisualStudioVersion = 10.0.40219.1
Project("{FAE04EC0-301F-11D3-BF4B-00C04F79EFBC}") = "Deliverable_2_Conditional_Statements", "Deliverable_2_Conditional_Statements\Deliverable_2_Conditional_Statements.csproj", "{88166FA8-AF5D-4817-A464-753CFB2EE95B}"
EndProject
Global
	GlobalSection(SolutionConfigurationPlatforms) = preSolution
		Debug|Any CPU = Debug|Any CPU
		Release|Any CPU = Release|Any CPU
	EndGlobalSection
	GlobalSection(ProjectConfigurationPlatforms) = postSolution
		{88166FA8-AF5D-4817-A464-753CFB2EE95B}.Debug|Any CPU.ActiveCfg = Debug|Any CPU
		{88166FA8-AF5D-4817-A464-753CFB2EE95B}.Debug|Any CPU.Build.0 = Debug|Any CPU
		{88166FA8-AF5D-4817-A464-753CFB2EE95B}.Release|Any CPU.ActiveCfg = Release|Any CPU
		{88166FA8-AF5D-4817-A464-753CFB2EE95B}.Release|Any CPU.Build.0 = Release|Any CPU
	EndGlobalSection
	GlobalSection(SolutionProperties) = preSolution
		HideSolutionNode = FALSE
	EndGlobalSection
	GlobalSection(ExtensibilityGlobals) = postSolution
		SolutionGuid = {2B0A30E1-2DD7-4D5E-B039-25718D7360A9}
	EndGlobalSection
EndGlobal
